
Microsoft Visual Studio Solution File, Format Version 12.00
# Visual Studio Version 17
VisualStudioVersion = 17.4.33122.133
MinimumVisualStudioVersion = 10.0.40219.1
Project("{9A19103F-16F7-4668-BE54-9A1E7A4F7556}") = "DTDL2SHACL", "DTDL2SHACL.csproj", "{5CC65226-BBB4-4912-ABB7-E172E61D76F6}"
EndProject
Global
	GlobalSection(SolutionConfigurationPlatforms) = preSolution
		Debug|Any CPU = Debug|Any CPU
		Release|Any CPU = Release|Any CPU
	EndGlobalSection
	GlobalSection(ProjectConfigurationPlatforms) = postSolution
		{5CC65226-BBB4-4912-ABB7-E172E61D76F6}.Debug|Any CPU.ActiveCfg = Debug|Any CPU
		{5CC65226-BBB4-4912-ABB7-E172E61D76F6}.Debug|Any CPU.Build.0 = Debug|Any CPU
		{5CC65226-BBB4-4912-ABB7-E172E61D76F6}.Release|Any CPU.ActiveCfg = Release|Any CPU
		{5CC65226-BBB4-4912-ABB7-E172E61D76F6}.Release|Any CPU.Build.0 = Release|Any CPU
	EndGlobalSection
	GlobalSection(SolutionProperties) = preSolution
		HideSolutionNode = FALSE
	EndGlobalSection
	GlobalSection(ExtensibilityGlobals) = postSolution
		SolutionGuid = {4ECADF43-FCCE-4474-96E6-ABCEDEF3CF25}
	EndGlobalSection
EndGlobal
